
Microsoft Visual Studio Solution File, Format Version 12.00
# Visual Studio Version 16
VisualStudioVersion = 16.0.30804.86
MinimumVisualStudioVersion = 10.0.40219.1
Project("{FAE04EC0-301F-11D3-BF4B-00C04F79EFBC}") = "Ecuatia_Dreptei", "Ecuatia_Dreptei\Ecuatia_Dreptei.csproj", "{B4713857-BF35-4B44-8A75-87FA5FF9D28D}"
EndProject
Global
	GlobalSection(SolutionConfigurationPlatforms) = preSolution
		Debug|Any CPU = Debug|Any CPU
		Release|Any CPU = Release|Any CPU
	EndGlobalSection
	GlobalSection(ProjectConfigurationPlatforms) = postSolution
		{B4713857-BF35-4B44-8A75-87FA5FF9D28D}.Debug|Any CPU.ActiveCfg = Debug|Any CPU
		{B4713857-BF35-4B44-8A75-87FA5FF9D28D}.Debug|Any CPU.Build.0 = Debug|Any CPU
		{B4713857-BF35-4B44-8A75-87FA5FF9D28D}.Release|Any CPU.ActiveCfg = Release|Any CPU
		{B4713857-BF35-4B44-8A75-87FA5FF9D28D}.Release|Any CPU.Build.0 = Release|Any CPU
	EndGlobalSection
	GlobalSection(SolutionProperties) = preSolution
		HideSolutionNode = FALSE
	EndGlobalSection
	GlobalSection(ExtensibilityGlobals) = postSolution
		SolutionGuid = {D245ABF8-8C75-4356-8196-2383835D8066}
	EndGlobalSection
EndGlobal
